
Microsoft Visual Studio Solution File, Format Version 12.00
# Visual Studio 15
VisualStudioVersion = 15.0.27004.2010
MinimumVisualStudioVersion = 10.0.40219.1
Project("{FAE04EC0-301F-11D3-BF4B-00C04F79EFBC}") = "SevenZip", "SevenZip.csproj", "{4960DD14-3431-47EC-B9D9-9D2730A98DC3}"
EndProject
Global
	GlobalSection(SolutionConfigurationPlatforms) = preSolution
		Debug|Any CPU = Debug|Any CPU
		Debug|Mixed Platforms = Debug|Mixed Platforms
		Debug|Pocket PC 2003 (ARMV4) = Debug|Pocket PC 2003 (ARMV4)
		Release|Any CPU = Release|Any CPU
		Release|Mixed Platforms = Release|Mixed Platforms
		Release|Pocket PC 2003 (ARMV4) = Release|Pocket PC 2003 (ARMV4)
	EndGlobalSection
	GlobalSection(ProjectConfigurationPlatforms) = postSolution
		{4960DD14-3431-47EC-B9D9-9D2730A98DC3}.Debug|Any CPU.ActiveCfg = Debug|Any CPU
		{4960DD14-3431-47EC-B9D9-9D2730A98DC3}.Debug|Any CPU.Build.0 = Debug|Any CPU
		{4960DD14-3431-47EC-B9D9-9D2730A98DC3}.Debug|Mixed Platforms.ActiveCfg = Debug|Any CPU
		{4960DD14-3431-47EC-B9D9-9D2730A98DC3}.Debug|Mixed Platforms.Build.0 = Debug|Any CPU
		{4960DD14-3431-47EC-B9D9-9D2730A98DC3}.Debug|Pocket PC 2003 (ARMV4).ActiveCfg = Debug|Any CPU
		{4960DD14-3431-47EC-B9D9-9D2730A98DC3}.Release|Any CPU.ActiveCfg = Release|Any CPU
		{4960DD14-3431-47EC-B9D9-9D2730A98DC3}.Release|Any CPU.Build.0 = Release|Any CPU
		{4960DD14-3431-47EC-B9D9-9D2730A98DC3}.Release|Mixed Platforms.ActiveCfg = Release|Any CPU
		{4960DD14-3431-47EC-B9D9-9D2730A98DC3}.Release|Mixed Platforms.Build.0 = Release|Any CPU
		{4960DD14-3431-47EC-B9D9-9D2730A98DC3}.Release|Pocket PC 2003 (ARMV4).ActiveCfg = Release|Any CPU
	EndGlobalSection
	GlobalSection(SolutionProperties) = preSolution
		HideSolutionNode = FALSE
	EndGlobalSection
	GlobalSection(ExtensibilityGlobals) = postSolution
		SolutionGuid = {0DFF5CE7-FBC2-418E-845A-242196DCE910}
	EndGlobalSection
EndGlobal
